
Microsoft Visual Studio Solution File, Format Version 12.00
# Visual Studio 15
VisualStudioVersion = 15.0.26403.3
MinimumVisualStudioVersion = 10.0.40219.1
Project("{FAE04EC0-301F-11D3-BF4B-00C04F79EFBC}") = "RealWorld", "src\RealWorld\RealWorld.csproj", "{BFC1306F-9EBF-414C-8656-C50E3E5AFADA}"
EndProject
Global
	GlobalSection(SolutionConfigurationPlatforms) = preSolution
		Debug|Any CPU = Debug|Any CPU
		Release|Any CPU = Release|Any CPU
	EndGlobalSection
	GlobalSection(ProjectConfigurationPlatforms) = postSolution
		{BFC1306F-9EBF-414C-8656-C50E3E5AFADA}.Debug|Any CPU.ActiveCfg = Debug|Any CPU
		{BFC1306F-9EBF-414C-8656-C50E3E5AFADA}.Debug|Any CPU.Build.0 = Debug|Any CPU
		{BFC1306F-9EBF-414C-8656-C50E3E5AFADA}.Release|Any CPU.ActiveCfg = Release|Any CPU
		{BFC1306F-9EBF-414C-8656-C50E3E5AFADA}.Release|Any CPU.Build.0 = Release|Any CPU
	EndGlobalSection
	GlobalSection(SolutionProperties) = preSolution
		HideSolutionNode = FALSE
	EndGlobalSection
EndGlobal
